
Microsoft Visual Studio Solution File, Format Version 12.00
Project("{FAE04EC0-301F-11D3-BF4B-00C04F79EFBC}") = "A3_BBYH", "A3_BBYH\A3_BBYH.csproj", "{9464B860-65DC-402D-B0A2-73B0516EEAE9}"
EndProject
Global
	GlobalSection(SolutionConfigurationPlatforms) = preSolution
		Debug|Any CPU = Debug|Any CPU
		Release|Any CPU = Release|Any CPU
	EndGlobalSection
	GlobalSection(ProjectConfigurationPlatforms) = postSolution
		{9464B860-65DC-402D-B0A2-73B0516EEAE9}.Debug|Any CPU.ActiveCfg = Debug|Any CPU
		{9464B860-65DC-402D-B0A2-73B0516EEAE9}.Debug|Any CPU.Build.0 = Debug|Any CPU
		{9464B860-65DC-402D-B0A2-73B0516EEAE9}.Release|Any CPU.ActiveCfg = Release|Any CPU
		{9464B860-65DC-402D-B0A2-73B0516EEAE9}.Release|Any CPU.Build.0 = Release|Any CPU
	EndGlobalSection
EndGlobal
